
Microsoft Visual Studio Solution File, Format Version 12.00
# Visual Studio 15
VisualStudioVersion = 15.0.28307.539
MinimumVisualStudioVersion = 10.0.40219.1
Project("{FAE04EC0-301F-11D3-BF4B-00C04F79EFBC}") = "TratandoExcecoes", "TratandoExcecoes\TratandoExcecoes.csproj", "{80725E07-C27A-477B-A330-87B5ED498373}"
EndProject
Global
	GlobalSection(SolutionConfigurationPlatforms) = preSolution
		Debug|Any CPU = Debug|Any CPU
		Release|Any CPU = Release|Any CPU
	EndGlobalSection
	GlobalSection(ProjectConfigurationPlatforms) = postSolution
		{80725E07-C27A-477B-A330-87B5ED498373}.Debug|Any CPU.ActiveCfg = Debug|Any CPU
		{80725E07-C27A-477B-A330-87B5ED498373}.Debug|Any CPU.Build.0 = Debug|Any CPU
		{80725E07-C27A-477B-A330-87B5ED498373}.Release|Any CPU.ActiveCfg = Release|Any CPU
		{80725E07-C27A-477B-A330-87B5ED498373}.Release|Any CPU.Build.0 = Release|Any CPU
	EndGlobalSection
	GlobalSection(SolutionProperties) = preSolution
		HideSolutionNode = FALSE
	EndGlobalSection
	GlobalSection(ExtensibilityGlobals) = postSolution
		SolutionGuid = {F079BCA5-7A8A-48E3-B39B-F0EDFB7BD12F}
	EndGlobalSection
EndGlobal
